// !$*UTF8*$!
{
	archiveVersion = 1;
	classes = {
	};
	objectVersion = 56;
	objects = {

/* Begin PBXBuildFile section */
		9F9C16662C4905FE003461A1 /* Aufgabe3App.swift in Sources */ = {isa = PBXBuildFile; fileRef = 9F9C16652C4905FE003461A1 /* Aufgabe3App.swift */; };
		9F9C16682C4905FE003461A1 /* ContentView.swift in Sources */ = {isa = PBXBuildFile; fileRef = 9F9C16672C4905FE003461A1 /* ContentView.swift */; };
		9F9C166A2C4905FF003461A1 /* Assets.xcassets in Resources */ = {isa = PBXBuildFile; fileRef = 9F9C16692C4905FF003461A1 /* Assets.xcassets */; };
		9F9C166D2C4905FF003461A1 /* Preview Assets.xcassets in Resources */ = {isa = PBXBuildFile; fileRef = 9F9C166C2C4905FF003461A1 /* Preview Assets.xcassets */; };
		9F9C16742C4906BE003461A1 /* OMDService.swift in Sources */ = {isa = PBXBuildFile; fileRef = 9F9C16732C4906BE003461A1 /* OMDService.swift */; };
		9F9C16782C491035003461A1 /* DetailEntry.swift in Sources */ = {isa = PBXBuildFile; fileRef = 9F9C16772C491035003461A1 /* DetailEntry.swift */; };
		9F9C167A2C491046003461A1 /* OMDError.swift in Sources */ = {isa = PBXBuildFile; fileRef = 9F9C16792C491046003461A1 /* OMDError.swift */; };
		9F9C167C2C491056003461A1 /* Rating.swift in Sources */ = {isa = PBXBuildFile; fileRef = 9F9C167B2C491056003461A1 /* Rating.swift */; };
		9F9C167E2C49138E003461A1 /* OMDQueryItem.swift in Sources */ = {isa = PBXBuildFile; fileRef = 9F9C167D2C49138E003461A1 /* OMDQueryItem.swift */; };
		9F9C16802C4996CE003461A1 /* SearchResult.swift in Sources */ = {isa = PBXBuildFile; fileRef = 9F9C167F2C4996CE003461A1 /* SearchResult.swift */; };
		9F9C16832C499BD1003461A1 /* SearchEntry.swift in Sources */ = {isa = PBXBuildFile; fileRef = 9F9C16822C499BD1003461A1 /* SearchEntry.swift */; };
		9F9C168B2C4A5570003461A1 /* EntryScrollView.swift in Sources */ = {isa = PBXBuildFile; fileRef = 9F9C168A2C4A5570003461A1 /* EntryScrollView.swift */; };
		9F9C168D2C4A5585003461A1 /* EntryView.swift in Sources */ = {isa = PBXBuildFile; fileRef = 9F9C168C2C4A5585003461A1 /* EntryView.swift */; };
		9F9C168F2C4A559E003461A1 /* EntrySearchButton.swift in Sources */ = {isa = PBXBuildFile; fileRef = 9F9C168E2C4A559E003461A1 /* EntrySearchButton.swift */; };
		9F9C16912C4A55C3003461A1 /* DiscoverView.swift in Sources */ = {isa = PBXBuildFile; fileRef = 9F9C16902C4A55C3003461A1 /* DiscoverView.swift */; };
		9F9C16932C4A55D9003461A1 /* NavigationButton.swift in Sources */ = {isa = PBXBuildFile; fileRef = 9F9C16922C4A55D9003461A1 /* NavigationButton.swift */; };
		9F9C16952C4A5607003461A1 /* WatchlistView.swift in Sources */ = {isa = PBXBuildFile; fileRef = 9F9C16942C4A5607003461A1 /* WatchlistView.swift */; };
/* End PBXBuildFile section */

/* Begin PBXFileReference section */
		9F9C16622C4905FE003461A1 /* Aufgabe3.app */ = {isa = PBXFileReference; explicitFileType = wrapper.application; includeInIndex = 0; path = Aufgabe3.app; sourceTree = BUILT_PRODUCTS_DIR; };
		9F9C16652C4905FE003461A1 /* Aufgabe3App.swift */ = {isa = PBXFileReference; lastKnownFileType = sourcecode.swift; path = Aufgabe3App.swift; sourceTree = "<group>"; };
		9F9C16672C4905FE003461A1 /* ContentView.swift */ = {isa = PBXFileReference; lastKnownFileType = sourcecode.swift; path = ContentView.swift; sourceTree = "<group>"; };
		9F9C16692C4905FF003461A1 /* Assets.xcassets */ = {isa = PBXFileReference; lastKnownFileType = folder.assetcatalog; path = Assets.xcassets; sourceTree = "<group>"; };
		9F9C166C2C4905FF003461A1 /* Preview Assets.xcassets */ = {isa = PBXFileReference; lastKnownFileType = folder.assetcatalog; path = "Preview Assets.xcassets"; sourceTree = "<group>"; };
		9F9C16732C4906BE003461A1 /* OMDService.swift */ = {isa = PBXFileReference; lastKnownFileType = sourcecode.swift; path = OMDService.swift; sourceTree = "<group>"; };
		9F9C16772C491035003461A1 /* DetailEntry.swift */ = {isa = PBXFileReference; lastKnownFileType = sourcecode.swift; path = DetailEntry.swift; sourceTree = "<group>"; };
		9F9C16792C491046003461A1 /* OMDError.swift */ = {isa = PBXFileReference; lastKnownFileType = sourcecode.swift; path = OMDError.swift; sourceTree = "<group>"; };
		9F9C167B2C491056003461A1 /* Rating.swift */ = {isa = PBXFileReference; lastKnownFileType = sourcecode.swift; path = Rating.swift; sourceTree = "<group>"; };
		9F9C167D2C49138E003461A1 /* OMDQueryItem.swift */ = {isa = PBXFileReference; lastKnownFileType = sourcecode.swift; path = OMDQueryItem.swift; sourceTree = "<group>"; };
		9F9C167F2C4996CE003461A1 /* SearchResult.swift */ = {isa = PBXFileReference; lastKnownFileType = sourcecode.swift; path = SearchResult.swift; sourceTree = "<group>"; };
		9F9C16822C499BD1003461A1 /* SearchEntry.swift */ = {isa = PBXFileReference; lastKnownFileType = sourcecode.swift; path = SearchEntry.swift; sourceTree = "<group>"; };
		9F9C168A2C4A5570003461A1 /* EntryScrollView.swift */ = {isa = PBXFileReference; lastKnownFileType = sourcecode.swift; path = EntryScrollView.swift; sourceTree = "<group>"; };
		9F9C168C2C4A5585003461A1 /* EntryView.swift */ = {isa = PBXFileReference; lastKnownFileType = sourcecode.swift; path = EntryView.swift; sourceTree = "<group>"; };
		9F9C168E2C4A559E003461A1 /* EntrySearchButton.swift */ = {isa = PBXFileReference; lastKnownFileType = sourcecode.swift; path = EntrySearchButton.swift; sourceTree = "<group>"; };
		9F9C16902C4A55C3003461A1 /* DiscoverView.swift */ = {isa = PBXFileReference; lastKnownFileType = sourcecode.swift; path = DiscoverView.swift; sourceTree = "<group>"; };
		9F9C16922C4A55D9003461A1 /* NavigationButton.swift */ = {isa = PBXFileReference; lastKnownFileType = sourcecode.swift; path = NavigationButton.swift; sourceTree = "<group>"; };
		9F9C16942C4A5607003461A1 /* WatchlistView.swift */ = {isa = PBXFileReference; lastKnownFileType = sourcecode.swift; path = WatchlistView.swift; sourceTree = "<group>"; };
/* End PBXFileReference section */

/* Begin PBXFrameworksBuildPhase section */
		9F9C165F2C4905FE003461A1 /* Frameworks */ = {
			isa = PBXFrameworksBuildPhase;
			buildActionMask = 2147483647;
			files = (
			);
			runOnlyForDeploymentPostprocessing = 0;
		};
/* End PBXFrameworksBuildPhase section */

/* Begin PBXGroup section */
		9F9C16592C4905FE003461A1 = {
			isa = PBXGroup;
			children = (
				9F9C16642C4905FE003461A1 /* Aufgabe3 */,
				9F9C16632C4905FE003461A1 /* Products */,
			);
			sourceTree = "<group>";
		};
		9F9C16632C4905FE003461A1 /* Products */ = {
			isa = PBXGroup;
			children = (
				9F9C16622C4905FE003461A1 /* Aufgabe3.app */,
			);
			name = Products;
			sourceTree = "<group>";
		};
		9F9C16642C4905FE003461A1 /* Aufgabe3 */ = {
			isa = PBXGroup;
			children = (
				9F9C16652C4905FE003461A1 /* Aufgabe3App.swift */,
				9F9C16672C4905FE003461A1 /* ContentView.swift */,
				9F9C16922C4A55D9003461A1 /* NavigationButton.swift */,
				9F9C16902C4A55C3003461A1 /* DiscoverView.swift */,
				9F9C16942C4A5607003461A1 /* WatchlistView.swift */,
				9F9C168A2C4A5570003461A1 /* EntryScrollView.swift */,
				9F9C168C2C4A5585003461A1 /* EntryView.swift */,
				9F9C168E2C4A559E003461A1 /* EntrySearchButton.swift */,
				9F9C16812C499A6A003461A1 /* OMDService */,
				9F9C16692C4905FF003461A1 /* Assets.xcassets */,
				9F9C166B2C4905FF003461A1 /* Preview Content */,
			);
			path = Aufgabe3;
			sourceTree = "<group>";
		};
		9F9C166B2C4905FF003461A1 /* Preview Content */ = {
			isa = PBXGroup;
			children = (
				9F9C166C2C4905FF003461A1 /* Preview Assets.xcassets */,
			);
			path = "Preview Content";
			sourceTree = "<group>";
		};
		9F9C16812C499A6A003461A1 /* OMDService */ = {
			isa = PBXGroup;
			children = (
				9F9C16732C4906BE003461A1 /* OMDService.swift */,
				9F9C167D2C49138E003461A1 /* OMDQueryItem.swift */,
				9F9C16772C491035003461A1 /* DetailEntry.swift */,
				9F9C167B2C491056003461A1 /* Rating.swift */,
				9F9C16792C491046003461A1 /* OMDError.swift */,
				9F9C167F2C4996CE003461A1 /* SearchResult.swift */,
				9F9C16822C499BD1003461A1 /* SearchEntry.swift */,
			);
			path = OMDService;
			sourceTree = "<group>";
		};
/* End PBXGroup section */

/* Begin PBXNativeTarget section */
		9F9C16612C4905FE003461A1 /* Aufgabe3 */ = {
			isa = PBXNativeTarget;
			buildConfigurationList = 9F9C16702C4905FF003461A1 /* Build configuration list for PBXNativeTarget "Aufgabe3" */;
			buildPhases = (
				9F9C165E2C4905FE003461A1 /* Sources */,
				9F9C165F2C4905FE003461A1 /* Frameworks */,
				9F9C16602C4905FE003461A1 /* Resources */,
			);
			buildRules = (
			);
			dependencies = (
			);
			name = Aufgabe3;
			productName = Aufgabe3;
			productReference = 9F9C16622C4905FE003461A1 /* Aufgabe3.app */;
			productType = "com.apple.product-type.application";
		};
/* End PBXNativeTarget section */

/* Begin PBXProject section */
		9F9C165A2C4905FE003461A1 /* Project object */ = {
			isa = PBXProject;
			attributes = {
				BuildIndependentTargetsInParallel = 1;
				LastSwiftUpdateCheck = 1540;
				LastUpgradeCheck = 1540;
				TargetAttributes = {
					9F9C16612C4905FE003461A1 = {
						CreatedOnToolsVersion = 15.4;
					};
				};
			};
			buildConfigurationList = 9F9C165D2C4905FE003461A1 /* Build configuration list for PBXProject "Aufgabe3" */;
			compatibilityVersion = "Xcode 14.0";
			developmentRegion = en;
			hasScannedForEncodings = 0;
			knownRegions = (
				en,
				Base,
			);
			mainGroup = 9F9C16592C4905FE003461A1;
			productRefGroup = 9F9C16632C4905FE003461A1 /* Products */;
			projectDirPath = "";
			projectRoot = "";
			targets = (
				9F9C16612C4905FE003461A1 /* Aufgabe3 */,
			);
		};
/* End PBXProject section */

/* Begin PBXResourcesBuildPhase section */
		9F9C16602C4905FE003461A1 /* Resources */ = {
			isa = PBXResourcesBuildPhase;
			buildActionMask = 2147483647;
			files = (
				9F9C166D2C4905FF003461A1 /* Preview Assets.xcassets in Resources */,
				9F9C166A2C4905FF003461A1 /* Assets.xcassets in Resources */,
			);
			runOnlyForDeploymentPostprocessing = 0;
		};
/* End PBXResourcesBuildPhase section */

/* Begin PBXSourcesBuildPhase section */
		9F9C165E2C4905FE003461A1 /* Sources */ = {
			isa = PBXSourcesBuildPhase;
			buildActionMask = 2147483647;
			files = (
				9F9C16912C4A55C3003461A1 /* DiscoverView.swift in Sources */,
				9F9C16802C4996CE003461A1 /* SearchResult.swift in Sources */,
				9F9C167C2C491056003461A1 /* Rating.swift in Sources */,
				9F9C16782C491035003461A1 /* DetailEntry.swift in Sources */,
				9F9C16832C499BD1003461A1 /* SearchEntry.swift in Sources */,
				9F9C168B2C4A5570003461A1 /* EntryScrollView.swift in Sources */,
				9F9C16682C4905FE003461A1 /* ContentView.swift in Sources */,
				9F9C16932C4A55D9003461A1 /* NavigationButton.swift in Sources */,
				9F9C167A2C491046003461A1 /* OMDError.swift in Sources */,
				9F9C16742C4906BE003461A1 /* OMDService.swift in Sources */,
				9F9C16952C4A5607003461A1 /* WatchlistView.swift in Sources */,
				9F9C16662C4905FE003461A1 /* Aufgabe3App.swift in Sources */,
				9F9C167E2C49138E003461A1 /* OMDQueryItem.swift in Sources */,
				9F9C168D2C4A5585003461A1 /* EntryView.swift in Sources */,
				9F9C168F2C4A559E003461A1 /* EntrySearchButton.swift in Sources */,
			);
			runOnlyForDeploymentPostprocessing = 0;
		};
/* End PBXSourcesBuildPhase section */

/* Begin XCBuildConfiguration section */
		9F9C166E2C4905FF003461A1 /* Debug */ = {
			isa = XCBuildConfiguration;
			buildSettings = {
				ALWAYS_SEARCH_USER_PATHS = NO;
				ASSETCATALOG_COMPILER_GENERATE_SWIFT_ASSET_SYMBOL_EXTENSIONS = YES;
				CLANG_ANALYZER_NONNULL = YES;
				CLANG_ANALYZER_NUMBER_OBJECT_CONVERSION = YES_AGGRESSIVE;
				CLANG_CXX_LANGUAGE_STANDARD = "gnu++20";
				CLANG_ENABLE_MODULES = YES;
				CLANG_ENABLE_OBJC_ARC = YES;
				CLANG_ENABLE_OBJC_WEAK = YES;
				CLANG_WARN_BLOCK_CAPTURE_AUTORELEASING = YES;
				CLANG_WARN_BOOL_CONVERSION = YES;
				CLANG_WARN_COMMA = YES;
				CLANG_WARN_CONSTANT_CONVERSION = YES;
				CLANG_WARN_DEPRECATED_OBJC_IMPLEMENTATIONS = YES;
				CLANG_WARN_DIRECT_OBJC_ISA_USAGE = YES_ERROR;
				CLANG_WARN_DOCUMENTATION_COMMENTS = YES;
				CLANG_WARN_EMPTY_BODY = YES;
				CLANG_WARN_ENUM_CONVERSION = YES;
				CLANG_WARN_INFINITE_RECURSION = YES;
				CLANG_WARN_INT_CONVERSION = YES;
				CLANG_WARN_NON_LITERAL_NULL_CONVERSION = YES;
				CLANG_WARN_OBJC_IMPLICIT_RETAIN_SELF = YES;
				CLANG_WARN_OBJC_LITERAL_CONVERSION = YES;
				CLANG_WARN_OBJC_ROOT_CLASS = YES_ERROR;
				CLANG_WARN_QUOTED_INCLUDE_IN_FRAMEWORK_HEADER = YES;
				CLANG_WARN_RANGE_LOOP_ANALYSIS = YES;
				CLANG_WARN_STRICT_PROTOTYPES = YES;
				CLANG_WARN_SUSPICIOUS_MOVE = YES;
				CLANG_WARN_UNGUARDED_AVAILABILITY = YES_AGGRESSIVE;
				CLANG_WARN_UNREACHABLE_CODE = YES;
				CLANG_WARN__DUPLICATE_METHOD_MATCH = YES;
				COPY_PHASE_STRIP = NO;
				DEBUG_INFORMATION_FORMAT = dwarf;
				ENABLE_STRICT_OBJC_MSGSEND = YES;
				ENABLE_TESTABILITY = YES;
				ENABLE_USER_SCRIPT_SANDBOXING = YES;
				GCC_C_LANGUAGE_STANDARD = gnu17;
				GCC_DYNAMIC_NO_PIC = NO;
				GCC_NO_COMMON_BLOCKS = YES;
				GCC_OPTIMIZATION_LEVEL = 0;
				GCC_PREPROCESSOR_DEFINITIONS = (
					"DEBUG=1",
					"$(inherited)",
				);
				GCC_WARN_64_TO_32_BIT_CONVERSION = YES;
				GCC_WARN_ABOUT_RETURN_TYPE = YES_ERROR;
				GCC_WARN_UNDECLARED_SELECTOR = YES;
				GCC_WARN_UNINITIALIZED_AUTOS = YES_AGGRESSIVE;
				GCC_WARN_UNUSED_FUNCTION = YES;
				GCC_WARN_UNUSED_VARIABLE = YES;
				IPHONEOS_DEPLOYMENT_TARGET = 17.5;
				LOCALIZATION_PREFERS_STRING_CATALOGS = YES;
				MTL_ENABLE_DEBUG_INFO = INCLUDE_SOURCE;
				MTL_FAST_MATH = YES;
				ONLY_ACTIVE_ARCH = YES;
				SDKROOT = iphoneos;
				SWIFT_ACTIVE_COMPILATION_CONDITIONS = "DEBUG $(inherited)";
				SWIFT_OPTIMIZATION_LEVEL = "-Onone";
			};
			name = Debug;
		};
		9F9C166F2C4905FF003461A1 /* Release */ = {
			isa = XCBuildConfiguration;
			buildSettings = {
				ALWAYS_SEARCH_USER_PATHS = NO;
				ASSETCATALOG_COMPILER_GENERATE_SWIFT_ASSET_SYMBOL_EXTENSIONS = YES;
				CLANG_ANALYZER_NONNULL = YES;
				CLANG_ANALYZER_NUMBER_OBJECT_CONVERSION = YES_AGGRESSIVE;
				CLANG_CXX_LANGUAGE_STANDARD = "gnu++20";
				CLANG_ENABLE_MODULES = YES;
				CLANG_ENABLE_OBJC_ARC = YES;
				CLANG_ENABLE_OBJC_WEAK = YES;
				CLANG_WARN_BLOCK_CAPTURE_AUTORELEASING = YES;
				CLANG_WARN_BOOL_CONVERSION = YES;
				CLANG_WARN_COMMA = YES;
				CLANG_WARN_CONSTANT_CONVERSION = YES;
				CLANG_WARN_DEPRECATED_OBJC_IMPLEMENTATIONS = YES;
				CLANG_WARN_DIRECT_OBJC_ISA_USAGE = YES_ERROR;
				CLANG_WARN_DOCUMENTATION_COMMENTS = YES;
				CLANG_WARN_EMPTY_BODY = YES;
				CLANG_WARN_ENUM_CONVERSION = YES;
				CLANG_WARN_INFINITE_RECURSION = YES;
				CLANG_WARN_INT_CONVERSION = YES;
				CLANG_WARN_NON_LITERAL_NULL_CONVERSION = YES;
				CLANG_WARN_OBJC_IMPLICIT_RETAIN_SELF = YES;
				CLANG_WARN_OBJC_LITERAL_CONVERSION = YES;
				CLANG_WARN_OBJC_ROOT_CLASS = YES_ERROR;
				CLANG_WARN_QUOTED_INCLUDE_IN_FRAMEWORK_HEADER = YES;
				CLANG_WARN_RANGE_LOOP_ANALYSIS = YES;
				CLANG_WARN_STRICT_PROTOTYPES = YES;
				CLANG_WARN_SUSPICIOUS_MOVE = YES;
				CLANG_WARN_UNGUARDED_AVAILABILITY = YES_AGGRESSIVE;
				CLANG_WARN_UNREACHABLE_CODE = YES;
				CLANG_WARN__DUPLICATE_METHOD_MATCH = YES;
				COPY_PHASE_STRIP = NO;
				DEBUG_INFORMATION_FORMAT = "dwarf-with-dsym";
				ENABLE_NS_ASSERTIONS = NO;
				ENABLE_STRICT_OBJC_MSGSEND = YES;
				ENABLE_USER_SCRIPT_SANDBOXING = YES;
				GCC_C_LANGUAGE_STANDARD = gnu17;
				GCC_NO_COMMON_BLOCKS = YES;
				GCC_WARN_64_TO_32_BIT_CONVERSION = YES;
				GCC_WARN_ABOUT_RETURN_TYPE = YES_ERROR;
				GCC_WARN_UNDECLARED_SELECTOR = YES;
				GCC_WARN_UNINITIALIZED_AUTOS = YES_AGGRESSIVE;
				GCC_WARN_UNUSED_FUNCTION = YES;
				GCC_WARN_UNUSED_VARIABLE = YES;
				IPHONEOS_DEPLOYMENT_TARGET = 17.5;
				LOCALIZATION_PREFERS_STRING_CATALOGS = YES;
				MTL_ENABLE_DEBUG_INFO = NO;
				MTL_FAST_MATH = YES;
				SDKROOT = iphoneos;
				SWIFT_COMPILATION_MODE = wholemodule;
				VALIDATE_PRODUCT = YES;
			};
			name = Release;
		};
		9F9C16712C4905FF003461A1 /* Debug */ = {
			isa = XCBuildConfiguration;
			buildSettings = {
				ASSETCATALOG_COMPILER_APPICON_NAME = AppIcon;
				ASSETCATALOG_COMPILER_GLOBAL_ACCENT_COLOR_NAME = AccentColor;
				CODE_SIGN_STYLE = Automatic;
				CURRENT_PROJECT_VERSION = 1;
				DEVELOPMENT_ASSET_PATHS = "\"Aufgabe3/Preview Content\"";
				DEVELOPMENT_TEAM = 5B4LV69C8H;
				ENABLE_PREVIEWS = YES;
				GENERATE_INFOPLIST_FILE = YES;
				INFOPLIST_KEY_UIApplicationSceneManifest_Generation = YES;
				INFOPLIST_KEY_UIApplicationSupportsIndirectInputEvents = YES;
				INFOPLIST_KEY_UILaunchScreen_Generation = YES;
				INFOPLIST_KEY_UISupportedInterfaceOrientations_iPad = "UIInterfaceOrientationPortrait UIInterfaceOrientationPortraitUpsideDown UIInterfaceOrientationLandscapeLeft UIInterfaceOrientationLandscapeRight";
				INFOPLIST_KEY_UISupportedInterfaceOrientations_iPhone = "UIInterfaceOrientationPortrait UIInterfaceOrientationLandscapeLeft UIInterfaceOrientationLandscapeRight";
				LD_RUNPATH_SEARCH_PATHS = (
					"$(inherited)",
					"@executable_path/Frameworks",
				);
				MARKETING_VERSION = 1.0;
				PRODUCT_BUNDLE_IDENTIFIER = com.marceljaeger.Aufgabe3;
				PRODUCT_NAME = "$(TARGET_NAME)";
				SWIFT_EMIT_LOC_STRINGS = YES;
				SWIFT_VERSION = 5.0;
				TARGETED_DEVICE_FAMILY = "1,2";
			};
			name = Debug;
		};
		9F9C16722C4905FF003461A1 /* Release */ = {
			isa = XCBuildConfiguration;
			buildSettings = {
				ASSETCATALOG_COMPILER_APPICON_NAME = AppIcon;
				ASSETCATALOG_COMPILER_GLOBAL_ACCENT_COLOR_NAME = AccentColor;
				CODE_SIGN_STYLE = Automatic;
				CURRENT_PROJECT_VERSION = 1;
				DEVELOPMENT_ASSET_PATHS = "\"Aufgabe3/Preview Content\"";
				DEVELOPMENT_TEAM = 5B4LV69C8H;
				ENABLE_PREVIEWS = YES;
				GENERATE_INFOPLIST_FILE = YES;
				INFOPLIST_KEY_UIApplicationSceneManifest_Generation = YES;
				INFOPLIST_KEY_UIApplicationSupportsIndirectInputEvents = YES;
				INFOPLIST_KEY_UILaunchScreen_Generation = YES;
				INFOPLIST_KEY_UISupportedInterfaceOrientations_iPad = "UIInterfaceOrientationPortrait UIInterfaceOrientationPortraitUpsideDown UIInterfaceOrientationLandscapeLeft UIInterfaceOrientationLandscapeRight";
				INFOPLIST_KEY_UISupportedInterfaceOrientations_iPhone = "UIInterfaceOrientationPortrait UIInterfaceOrientationLandscapeLeft UIInterfaceOrientationLandscapeRight";
				LD_RUNPATH_SEARCH_PATHS = (
					"$(inherited)",
					"@executable_path/Frameworks",
				);
				MARKETING_VERSION = 1.0;
				PRODUCT_BUNDLE_IDENTIFIER = com.marceljaeger.Aufgabe3;
				PRODUCT_NAME = "$(TARGET_NAME)";
				SWIFT_EMIT_LOC_STRINGS = YES;
				SWIFT_VERSION = 5.0;
				TARGETED_DEVICE_FAMILY = "1,2";
			};
			name = Release;
		};
/* End XCBuildConfiguration section */

/* Begin XCConfigurationList section */
		9F9C165D2C4905FE003461A1 /* Build configuration list for PBXProject "Aufgabe3" */ = {
			isa = XCConfigurationList;
			buildConfigurations = (
				9F9C166E2C4905FF003461A1 /* Debug */,
				9F9C166F2C4905FF003461A1 /* Release */,
			);
			defaultConfigurationIsVisible = 0;
			defaultConfigurationName = Release;
		};
		9F9C16702C4905FF003461A1 /* Build configuration list for PBXNativeTarget "Aufgabe3" */ = {
			isa = XCConfigurationList;
			buildConfigurations = (
				9F9C16712C4905FF003461A1 /* Debug */,
				9F9C16722C4905FF003461A1 /* Release */,
			);
			defaultConfigurationIsVisible = 0;
			defaultConfigurationName = Release;
		};
/* End XCConfigurationList section */
	};
	rootObject = 9F9C165A2C4905FE003461A1 /* Project object */;
}
